# This file was autogenerated by uv via the following command:
#    uv pip compile /Users/jcf/Projects/housing-list-search/requirements-ocr.txt -o /Users/jcf/Projects/housing-list-search/requirements-ocr.lock --python-version 3.11
annotated-types==0.7.0
    # via pydantic
anthropic==0.46.0
    # via marker-pdf
anyio==4.14.1
    # via
    #   anthropic
    #   google-genai
    #   httpx
    #   openai
beautifulsoup4==4.14.3
    # via
    #   -r requirements.txt
    #   markdownify
certifi==2026.6.17
    # via
    #   httpcore
    #   httpx
    #   requests
cffi==2.1.0
    # via cryptography
cfgv==3.5.0
    # via pre-commit
charset-normalizer==3.4.9
    # via
    #   pdfminer-six
    #   requests
click==8.4.2
    # via
    #   marker-pdf
    #   pdftext
    #   surya-ocr
cryptography==49.0.0
    # via
    #   google-auth
    #   pdfminer-six
distlib==0.4.3
    # via virtualenv
distro==1.9.0
    # via
    #   anthropic
    #   google-genai
    #   openai
einops==0.8.2
    # via surya-ocr
filelock==3.29.7
    # via
    #   huggingface-hub
    #   python-discovery
    #   torch
    #   transformers
    #   virtualenv
filetype==1.2.0
    # via
    #   marker-pdf
    #   surya-ocr
fsspec==2026.6.0
    # via
    #   huggingface-hub
    #   torch
ftfy==6.3.1
    # via marker-pdf
google-auth==2.55.2
    # via google-genai
google-genai==1.75.0
    # via marker-pdf
greenlet==3.5.3
    # via playwright
h11==0.16.0
    # via httpcore
hf-xet==1.5.1
    # via huggingface-hub
httpcore==1.0.9
    # via httpx
httpx==0.28.1
    # via
    #   anthropic
    #   google-genai
    #   openai
huggingface-hub==0.36.2
    # via
    #   tokenizers
    #   transformers
identify==2.6.19
    # via pre-commit
idna==3.18
    # via
    #   anyio
    #   httpx
    #   requests
jinja2==3.1.6
    # via torch
jiter==0.16.0
    # via
    #   anthropic
    #   openai
joblib==1.5.3
    # via scikit-learn
markdown2==2.5.5
    # via marker-pdf
markdownify==1.2.3
    # via marker-pdf
marker-pdf==1.10.2
    # via -r requirements-ocr.txt
markupsafe==3.0.3
    # via jinja2
mpmath==1.3.0
    # via sympy
narwhals==2.23.0
    # via scikit-learn
networkx==3.6.1
    # via torch
nodeenv==1.10.0
    # via pre-commit
numpy==2.4.6
    # via
    #   opencv-python-headless
    #   scikit-learn
    #   scipy
    #   transformers
openai==1.109.1
    # via marker-pdf
opencv-python-headless==4.11.0.86
    # via surya-ocr
packaging==26.2
    # via
    #   huggingface-hub
    #   transformers
pdfminer-six==20251230
    # via pdfplumber
pdfplumber==0.11.9
    # via -r requirements.txt
pdftext==0.6.3
    # via marker-pdf
pillow==10.4.0
    # via
    #   marker-pdf
    #   pdfplumber
    #   surya-ocr
platformdirs==4.10.0
    # via
    #   python-discovery
    #   surya-ocr
    #   virtualenv
playwright==1.60.0
    # via -r requirements.txt
pre-commit==4.6.0
    # via
    #   marker-pdf
    #   surya-ocr
pyasn1==0.6.4
    # via pyasn1-modules
pyasn1-modules==0.4.2
    # via google-auth
pycparser==3.0
    # via cffi
pydantic==2.13.4
    # via
    #   anthropic
    #   google-genai
    #   marker-pdf
    #   openai
    #   pdftext
    #   pydantic-settings
    #   surya-ocr
pydantic-core==2.46.4
    # via pydantic
pydantic-settings==2.14.2
    # via
    #   marker-pdf
    #   pdftext
    #   surya-ocr
pyee==13.0.1
    # via playwright
pypdfium2==4.30.0
    # via
    #   pdfplumber
    #   pdftext
    #   surya-ocr
python-discovery==1.4.4
    # via virtualenv
python-dotenv==1.2.2
    # via
    #   marker-pdf
    #   pydantic-settings
    #   surya-ocr
pyyaml==6.0.3
    # via
    #   -r requirements.txt
    #   huggingface-hub
    #   pre-commit
    #   transformers
rapidfuzz==3.14.5
    # via marker-pdf
regex==2024.11.6
    # via
    #   marker-pdf
    #   transformers
requests==2.34.2
    # via
    #   -r requirements.txt
    #   google-auth
    #   google-genai
    #   huggingface-hub
    #   transformers
safetensors==0.8.0
    # via transformers
scikit-learn==1.9.0
    # via marker-pdf
scipy==1.17.1
    # via scikit-learn
setuptools==83.0.0
    # via torch
six==1.17.0
    # via markdownify
sniffio==1.3.1
    # via
    #   anthropic
    #   google-genai
    #   openai
soupsieve==2.8.4
    # via beautifulsoup4
surya-ocr==0.17.1
    # via marker-pdf
sympy==1.14.0
    # via torch
tenacity==9.1.4
    # via google-genai
threadpoolctl==3.6.0
    # via scikit-learn
tokenizers==0.22.2
    # via transformers
torch==2.13.0
    # via
    #   marker-pdf
    #   surya-ocr
tqdm==4.68.4
    # via
    #   huggingface-hub
    #   marker-pdf
    #   openai
    #   transformers
transformers==4.57.6
    # via
    #   marker-pdf
    #   surya-ocr
typing-extensions==4.16.0
    # via
    #   anthropic
    #   anyio
    #   beautifulsoup4
    #   google-genai
    #   huggingface-hub
    #   openai
    #   pydantic
    #   pydantic-core
    #   pyee
    #   torch
    #   typing-inspection
typing-inspection==0.4.2
    # via
    #   pydantic
    #   pydantic-settings
urllib3==2.7.0
    # via requests
virtualenv==21.6.0
    # via pre-commit
wcwidth==0.8.2
    # via ftfy
websockets==16.0
    # via google-genai
