# This file was autogenerated by uv via the following command:
#    uv pip compile requirements.txt -o requirements.lock
beautifulsoup4==4.14.3
    # via -r requirements.txt
certifi==2026.6.17
    # via requests
cffi==2.0.0
    # via cryptography
charset-normalizer==3.4.7
    # via
    #   pdfminer-six
    #   requests
cryptography==49.0.0
    # via pdfminer-six
greenlet==3.5.3
    # via playwright
idna==3.18
    # via requests
pdfminer-six==20251230
    # via pdfplumber
pdfplumber==0.11.9
    # via -r requirements.txt
pillow==12.3.0
    # via pdfplumber
playwright==1.60.0
    # via -r requirements.txt
pycparser==3.0
    # via cffi
pyee==13.0.1
    # via playwright
pypdfium2==5.11.0
    # via pdfplumber
pyyaml==6.0.3
    # via -r requirements.txt
requests==2.34.2
    # via -r requirements.txt
soupsieve==2.8.4
    # via beautifulsoup4
typing-extensions==4.16.0
    # via
    #   beautifulsoup4
    #   pyee
urllib3==2.7.0
    # via requests
